
Microsoft Visual Studio Solution File, Format Version 12.00
# Visual Studio Version 17
VisualStudioVersion = 17.5.33530.505
MinimumVisualStudioVersion = 10.0.40219.1
Project("{FAE04EC0-301F-11D3-BF4B-00C04F79EFBC}") = "WindowsFormsApp1", "WindowsFormsApp1\WindowsFormsApp1.csproj", "{FB85CD62-19AE-40BB-9848-BB1A4E2FD1D9}"
EndProject
Project("{FAE04EC0-301F-11D3-BF4B-00C04F79EFBC}") = "ClassLibrary1", "ClassLibrary1\ClassLibrary1.csproj", "{484C9E7A-2887-42E8-B026-FE0584293338}"
EndProject
Global
	GlobalSection(SolutionConfigurationPlatforms) = preSolution
		Debug|Any CPU = Debug|Any CPU
		Release|Any CPU = Release|Any CPU
	EndGlobalSection
	GlobalSection(ProjectConfigurationPlatforms) = postSolution
		{FB85CD62-19AE-40BB-9848-BB1A4E2FD1D9}.Debug|Any CPU.ActiveCfg = Debug|Any CPU
		{FB85CD62-19AE-40BB-9848-BB1A4E2FD1D9}.Debug|Any CPU.Build.0 = Debug|Any CPU
		{FB85CD62-19AE-40BB-9848-BB1A4E2FD1D9}.Release|Any CPU.ActiveCfg = Release|Any CPU
		{FB85CD62-19AE-40BB-9848-BB1A4E2FD1D9}.Release|Any CPU.Build.0 = Release|Any CPU
		{484C9E7A-2887-42E8-B026-FE0584293338}.Debug|Any CPU.ActiveCfg = Debug|Any CPU
		{484C9E7A-2887-42E8-B026-FE0584293338}.Debug|Any CPU.Build.0 = Debug|Any CPU
		{484C9E7A-2887-42E8-B026-FE0584293338}.Release|Any CPU.ActiveCfg = Release|Any CPU
		{484C9E7A-2887-42E8-B026-FE0584293338}.Release|Any CPU.Build.0 = Release|Any CPU
	EndGlobalSection
	GlobalSection(SolutionProperties) = preSolution
		HideSolutionNode = FALSE
	EndGlobalSection
	GlobalSection(ExtensibilityGlobals) = postSolution
		SolutionGuid = {6CA897BB-1E5D-4C22-B8EC-B08A8D9F60DD}
	EndGlobalSection
EndGlobal
