
Microsoft Visual Studio Solution File, Format Version 12.00
# Visual Studio Version 17
VisualStudioVersion = 17.5.33530.505
MinimumVisualStudioVersion = 10.0.40219.1
Project("{FAE04EC0-301F-11D3-BF4B-00C04F79EFBC}") = "Clases_Smart_Facts", "Clases_Smart_Facts\Clases_Smart_Facts.csproj", "{8C3767B9-74D9-4B13-A0D3-CAB1BEEEEEF6}"
EndProject
Project("{FAE04EC0-301F-11D3-BF4B-00C04F79EFBC}") = "Smart_Facts_Web", "Smart_Facts_Web\Smart_Facts_Web.csproj", "{F7B01841-E21A-4F11-BCD2-E92A249A6C95}"
EndProject
Global
	GlobalSection(SolutionConfigurationPlatforms) = preSolution
		Debug|Any CPU = Debug|Any CPU
		Release|Any CPU = Release|Any CPU
	EndGlobalSection
	GlobalSection(ProjectConfigurationPlatforms) = postSolution
		{8C3767B9-74D9-4B13-A0D3-CAB1BEEEEEF6}.Debug|Any CPU.ActiveCfg = Debug|Any CPU
		{8C3767B9-74D9-4B13-A0D3-CAB1BEEEEEF6}.Debug|Any CPU.Build.0 = Debug|Any CPU
		{8C3767B9-74D9-4B13-A0D3-CAB1BEEEEEF6}.Release|Any CPU.ActiveCfg = Release|Any CPU
		{8C3767B9-74D9-4B13-A0D3-CAB1BEEEEEF6}.Release|Any CPU.Build.0 = Release|Any CPU
		{F7B01841-E21A-4F11-BCD2-E92A249A6C95}.Debug|Any CPU.ActiveCfg = Debug|Any CPU
		{F7B01841-E21A-4F11-BCD2-E92A249A6C95}.Debug|Any CPU.Build.0 = Debug|Any CPU
		{F7B01841-E21A-4F11-BCD2-E92A249A6C95}.Release|Any CPU.ActiveCfg = Release|Any CPU
		{F7B01841-E21A-4F11-BCD2-E92A249A6C95}.Release|Any CPU.Build.0 = Release|Any CPU
	EndGlobalSection
	GlobalSection(SolutionProperties) = preSolution
		HideSolutionNode = FALSE
	EndGlobalSection
	GlobalSection(ExtensibilityGlobals) = postSolution
		SolutionGuid = {6CA897BB-1E5D-4C22-B8EC-B08A8D9F60DD}
	EndGlobalSection
EndGlobal
